{
  "version": 4,
  "terraform_version": "1.9.5",
  "serial": 37,
  "lineage": "5f62e37e-9249-e8cd-b789-37e33d4a6251",
  "outputs": {},
  "resources": [
    {
      "mode": "managed",
      "type": "proxmox_lxc",
      "name": "gitlab",
      "provider": "provider[\"registry.terraform.io/telmate/proxmox\"]",
      "instances": [
        {
          "schema_version": 0,
          "attributes": {
            "arch": "amd64",
            "bwlimit": 0,
            "clone": null,
            "clone_storage": null,
            "cmode": "tty",
            "console": true,
            "cores": 4,
            "cpulimit": 0,
            "cpuunits": 1024,
            "description": "",
            "features": [],
            "force": false,
            "full": null,
            "hagroup": "",
            "hastate": "",
            "hookscript": "",
            "hostname": "gitlab",
            "id": "proxmox/lxc/104",
            "ignore_unpack_errors": false,
            "lock": "",
            "memory": 512,
            "mountpoint": [],
            "nameserver": "",
            "network": [
              {
                "bridge": "vmbr0",
                "firewall": false,
                "gw": "192.168.10.1",
                "gw6": "",
                "hwaddr": "5A:02:F5:2C:C8:FE",
                "ip": "192.168.10.216/24",
                "ip6": "",
                "mtu": 0,
                "name": "eth0",
                "rate": 0,
                "tag": 0,
                "trunks": "",
                "type": "veth"
              }
            ],
            "onboot": true,
            "ostemplate": "local:vztmpl/ubuntu-23.10-standard_23.10-1_amd64.tar.zst",
            "ostype": "ubuntu",
            "password": "workfree",
            "pool": null,
            "protection": false,
            "restore": false,
            "rootfs": [
              {
                "acl": false,
                "quota": false,
                "replicate": false,
                "ro": false,
                "shared": false,
                "size": "8G",
                "storage": "slow",
                "volume": "slow:subvol-104-disk-0"
              }
            ],
            "searchdomain": "",
            "ssh_public_keys": "ssh-rsa AAAAB3NzaC1yc2EAAAADAQABAAABgQDCL7MOHv30T5SJ3yQ2rIqjcIvLM2O6Inv24hC4GNqkEUThAdy/pWl7eY/GnCIi5u3zl0gUsy2m0EhFY8pXtBw18s3RXBrOHrfzsZygN48C75BJAdxsbWTC1IEXr0nmMwMfiY1YuufSGPKe/yDtOZZoE+IWrpP/TDUDGe7Qq7uW+89qvlqKInQzBcoMctqqqly0eplhKyr6niUG/X8V/RwEbXeh/OctCYPwOSiaViFmyrUY5Vuk/pVUUMIwyOOgd/QmnAL52wzvOz2Ftsq/YRjhGkW6dTBwUf3k77fJrQSvyxujqCHppS1iwDfGqueGWSNuxb/GTvOQasiwtaffLGqYwZcn/ba/dUP/ZmiFP5HAgK8ob26HFCSSpedvGCVPxTy0RTqvI5iDft5oGnPVHkbjeM4p/gAMFCqpbIgt18WiSvlaI5OG2xAjNeDZob/e6C3opbJ2je1W8MghyLa09rnQ6T3CMDQZ+QTxz/h4GYO+p5EG8mgRw6ezQjqOErDliN0= iraqez@iraqez-G3-3500\n",
            "start": true,
            "startup": "",
            "swap": 256,
            "tags": "",
            "target_node": "proxmox",
            "template": false,
            "timeouts": null,
            "tty": 2,
            "unique": false,
            "unprivileged": true,
            "unused": [],
            "vmid": null
          },
          "sensitive_attributes": [
            [
              {
                "type": "get_attr",
                "value": "password"
              }
            ]
          ],
          "private": "eyJlMmJmYjczMC1lY2FhLTExZTYtOGY4OC0zNDM2M2JjN2M0YzAiOnsiY3JlYXRlIjozMDAwMDAwMDAwMDAsImRlZmF1bHQiOjMwMDAwMDAwMDAwMCwiZGVsZXRlIjoxODAwMDAwMDAwMDAsInJlYWQiOjE4MDAwMDAwMDAwMCwidXBkYXRlIjoxODAwMDAwMDAwMDB9fQ=="
        }
      ]
    },
    {
      "mode": "managed",
      "type": "proxmox_lxc",
      "name": "nginx",
      "provider": "provider[\"registry.terraform.io/telmate/proxmox\"]",
      "instances": [
        {
          "schema_version": 0,
          "attributes": {
            "arch": "amd64",
            "bwlimit": 0,
            "clone": null,
            "clone_storage": null,
            "cmode": "tty",
            "console": true,
            "cores": 2,
            "cpulimit": 0,
            "cpuunits": 1024,
            "description": "",
            "features": [],
            "force": false,
            "full": null,
            "hagroup": "",
            "hastate": "",
            "hookscript": "",
            "hostname": "nginx",
            "id": "proxmox/lxc/101",
            "ignore_unpack_errors": false,
            "lock": "",
            "memory": 512,
            "mountpoint": [],
            "nameserver": "",
            "network": [
              {
                "bridge": "vmbr0",
                "firewall": false,
                "gw": "192.168.10.1",
                "gw6": "",
                "hwaddr": "B2:7C:04:B7:0A:DF",
                "ip": "192.168.10.217/24",
                "ip6": "",
                "mtu": 0,
                "name": "eth0",
                "rate": 0,
                "tag": 0,
                "trunks": "",
                "type": "veth"
              }
            ],
            "onboot": true,
            "ostemplate": "local:vztmpl/ubuntu-23.10-standard_23.10-1_amd64.tar.zst",
            "ostype": "ubuntu",
            "password": "workfree",
            "pool": null,
            "protection": false,
            "restore": false,
            "rootfs": [
              {
                "acl": false,
                "quota": false,
                "replicate": false,
                "ro": false,
                "shared": false,
                "size": "2G",
                "storage": "slow",
                "volume": "slow:subvol-101-disk-0"
              }
            ],
            "searchdomain": "",
            "ssh_public_keys": "ssh-rsa AAAAB3NzaC1yc2EAAAADAQABAAABgQDCL7MOHv30T5SJ3yQ2rIqjcIvLM2O6Inv24hC4GNqkEUThAdy/pWl7eY/GnCIi5u3zl0gUsy2m0EhFY8pXtBw18s3RXBrOHrfzsZygN48C75BJAdxsbWTC1IEXr0nmMwMfiY1YuufSGPKe/yDtOZZoE+IWrpP/TDUDGe7Qq7uW+89qvlqKInQzBcoMctqqqly0eplhKyr6niUG/X8V/RwEbXeh/OctCYPwOSiaViFmyrUY5Vuk/pVUUMIwyOOgd/QmnAL52wzvOz2Ftsq/YRjhGkW6dTBwUf3k77fJrQSvyxujqCHppS1iwDfGqueGWSNuxb/GTvOQasiwtaffLGqYwZcn/ba/dUP/ZmiFP5HAgK8ob26HFCSSpedvGCVPxTy0RTqvI5iDft5oGnPVHkbjeM4p/gAMFCqpbIgt18WiSvlaI5OG2xAjNeDZob/e6C3opbJ2je1W8MghyLa09rnQ6T3CMDQZ+QTxz/h4GYO+p5EG8mgRw6ezQjqOErDliN0= iraqez@iraqez-G3-3500\n",
            "start": true,
            "startup": "",
            "swap": 256,
            "tags": "",
            "target_node": "proxmox",
            "template": false,
            "timeouts": null,
            "tty": 2,
            "unique": false,
            "unprivileged": true,
            "unused": [],
            "vmid": 101
          },
          "sensitive_attributes": [
            [
              {
                "type": "get_attr",
                "value": "password"
              }
            ]
          ],
          "private": "eyJlMmJmYjczMC1lY2FhLTExZTYtOGY4OC0zNDM2M2JjN2M0YzAiOnsiY3JlYXRlIjozMDAwMDAwMDAwMDAsImRlZmF1bHQiOjMwMDAwMDAwMDAwMCwiZGVsZXRlIjoxODAwMDAwMDAwMDAsInJlYWQiOjE4MDAwMDAwMDAwMCwidXBkYXRlIjoxODAwMDAwMDAwMDB9fQ=="
        }
      ]
    },
    {
      "mode": "managed",
      "type": "proxmox_lxc",
      "name": "nginxProxy",
      "provider": "provider[\"registry.terraform.io/telmate/proxmox\"]",
      "instances": [
        {
          "schema_version": 0,
          "attributes": {
            "arch": "amd64",
            "bwlimit": 0,
            "clone": null,
            "clone_storage": null,
            "cmode": "tty",
            "console": true,
            "cores": 2,
            "cpulimit": 0,
            "cpuunits": 1024,
            "description": "",
            "features": [],
            "force": false,
            "full": null,
            "hagroup": "",
            "hastate": "",
            "hookscript": "",
            "hostname": "nginxProxy",
            "id": "proxmox/lxc/102",
            "ignore_unpack_errors": false,
            "lock": "",
            "memory": 512,
            "mountpoint": [],
            "nameserver": "",
            "network": [
              {
                "bridge": "vmbr0",
                "firewall": false,
                "gw": "192.168.10.1",
                "gw6": "",
                "hwaddr": "7A:B7:3B:24:24:0A",
                "ip": "192.168.10.219/24",
                "ip6": "",
                "mtu": 0,
                "name": "eth0",
                "rate": 0,
                "tag": 0,
                "trunks": "",
                "type": "veth"
              }
            ],
            "onboot": false,
            "ostemplate": "local:vztmpl/ubuntu-23.10-standard_23.10-1_amd64.tar.zst",
            "ostype": "ubuntu",
            "password": "workfree",
            "pool": null,
            "protection": false,
            "restore": false,
            "rootfs": [
              {
                "acl": false,
                "quota": false,
                "replicate": false,
                "ro": false,
                "shared": false,
                "size": "8G",
                "storage": "slow",
                "volume": "slow:subvol-102-disk-0"
              }
            ],
            "searchdomain": "",
            "ssh_public_keys": "ssh-rsa AAAAB3NzaC1yc2EAAAADAQABAAABgQDCL7MOHv30T5SJ3yQ2rIqjcIvLM2O6Inv24hC4GNqkEUThAdy/pWl7eY/GnCIi5u3zl0gUsy2m0EhFY8pXtBw18s3RXBrOHrfzsZygN48C75BJAdxsbWTC1IEXr0nmMwMfiY1YuufSGPKe/yDtOZZoE+IWrpP/TDUDGe7Qq7uW+89qvlqKInQzBcoMctqqqly0eplhKyr6niUG/X8V/RwEbXeh/OctCYPwOSiaViFmyrUY5Vuk/pVUUMIwyOOgd/QmnAL52wzvOz2Ftsq/YRjhGkW6dTBwUf3k77fJrQSvyxujqCHppS1iwDfGqueGWSNuxb/GTvOQasiwtaffLGqYwZcn/ba/dUP/ZmiFP5HAgK8ob26HFCSSpedvGCVPxTy0RTqvI5iDft5oGnPVHkbjeM4p/gAMFCqpbIgt18WiSvlaI5OG2xAjNeDZob/e6C3opbJ2je1W8MghyLa09rnQ6T3CMDQZ+QTxz/h4GYO+p5EG8mgRw6ezQjqOErDliN0= iraqez@iraqez-G3-3500\n",
            "start": true,
            "startup": "",
            "swap": 256,
            "tags": "",
            "target_node": "proxmox",
            "template": false,
            "timeouts": null,
            "tty": 2,
            "unique": false,
            "unprivileged": true,
            "unused": [],
            "vmid": null
          },
          "sensitive_attributes": [
            [
              {
                "type": "get_attr",
                "value": "password"
              }
            ]
          ],
          "private": "eyJlMmJmYjczMC1lY2FhLTExZTYtOGY4OC0zNDM2M2JjN2M0YzAiOnsiY3JlYXRlIjozMDAwMDAwMDAwMDAsImRlZmF1bHQiOjMwMDAwMDAwMDAwMCwiZGVsZXRlIjoxODAwMDAwMDAwMDAsInJlYWQiOjE4MDAwMDAwMDAwMCwidXBkYXRlIjoxODAwMDAwMDAwMDB9fQ=="
        }
      ]
    },
    {
      "mode": "managed",
      "type": "proxmox_lxc",
      "name": "tfAns",
      "provider": "provider[\"registry.terraform.io/telmate/proxmox\"]",
      "instances": [
        {
          "schema_version": 0,
          "attributes": {
            "arch": "amd64",
            "bwlimit": 0,
            "clone": null,
            "clone_storage": null,
            "cmode": "tty",
            "console": true,
            "cores": 2,
            "cpulimit": 0,
            "cpuunits": 1024,
            "description": "",
            "features": [],
            "force": false,
            "full": null,
            "hagroup": "",
            "hastate": "",
            "hookscript": "",
            "hostname": "tfAns",
            "id": "proxmox/lxc/103",
            "ignore_unpack_errors": false,
            "lock": "",
            "memory": 512,
            "mountpoint": [],
            "nameserver": "",
            "network": [
              {
                "bridge": "vmbr0",
                "firewall": false,
                "gw": "192.168.10.1",
                "gw6": "",
                "hwaddr": "B2:E9:0C:C4:F5:ED",
                "ip": "192.168.10.215/24",
                "ip6": "",
                "mtu": 0,
                "name": "eth0",
                "rate": 0,
                "tag": 0,
                "trunks": "",
                "type": "veth"
              }
            ],
            "onboot": true,
            "ostemplate": "local:vztmpl/ubuntu-23.10-standard_23.10-1_amd64.tar.zst",
            "ostype": "ubuntu",
            "password": "workfree",
            "pool": null,
            "protection": false,
            "restore": false,
            "rootfs": [
              {
                "acl": false,
                "quota": false,
                "replicate": false,
                "ro": false,
                "shared": false,
                "size": "4G",
                "storage": "slow",
                "volume": "slow:subvol-103-disk-0"
              }
            ],
            "searchdomain": "",
            "ssh_public_keys": "ssh-rsa AAAAB3NzaC1yc2EAAAADAQABAAABgQDCL7MOHv30T5SJ3yQ2rIqjcIvLM2O6Inv24hC4GNqkEUThAdy/pWl7eY/GnCIi5u3zl0gUsy2m0EhFY8pXtBw18s3RXBrOHrfzsZygN48C75BJAdxsbWTC1IEXr0nmMwMfiY1YuufSGPKe/yDtOZZoE+IWrpP/TDUDGe7Qq7uW+89qvlqKInQzBcoMctqqqly0eplhKyr6niUG/X8V/RwEbXeh/OctCYPwOSiaViFmyrUY5Vuk/pVUUMIwyOOgd/QmnAL52wzvOz2Ftsq/YRjhGkW6dTBwUf3k77fJrQSvyxujqCHppS1iwDfGqueGWSNuxb/GTvOQasiwtaffLGqYwZcn/ba/dUP/ZmiFP5HAgK8ob26HFCSSpedvGCVPxTy0RTqvI5iDft5oGnPVHkbjeM4p/gAMFCqpbIgt18WiSvlaI5OG2xAjNeDZob/e6C3opbJ2je1W8MghyLa09rnQ6T3CMDQZ+QTxz/h4GYO+p5EG8mgRw6ezQjqOErDliN0= iraqez@iraqez-G3-3500\n",
            "start": true,
            "startup": "",
            "swap": 256,
            "tags": "",
            "target_node": "proxmox",
            "template": false,
            "timeouts": null,
            "tty": 2,
            "unique": false,
            "unprivileged": true,
            "unused": [],
            "vmid": null
          },
          "sensitive_attributes": [
            [
              {
                "type": "get_attr",
                "value": "password"
              }
            ]
          ],
          "private": "eyJlMmJmYjczMC1lY2FhLTExZTYtOGY4OC0zNDM2M2JjN2M0YzAiOnsiY3JlYXRlIjozMDAwMDAwMDAwMDAsImRlZmF1bHQiOjMwMDAwMDAwMDAwMCwiZGVsZXRlIjoxODAwMDAwMDAwMDAsInJlYWQiOjE4MDAwMDAwMDAwMCwidXBkYXRlIjoxODAwMDAwMDAwMDB9fQ=="
        }
      ]
    }
  ],
  "check_results": null
}
