{
  "version": 4,
  "terraform_version": "1.9.3",
  "serial": 88,
  "lineage": "82dd3fb0-96a2-5d85-5d53-d845a5592d52",
  "outputs": {},
  "resources": [
    {
      "mode": "managed",
      "type": "proxmox_lxc",
      "name": "gitlab",
      "provider": "provider[\"registry.terraform.io/telmate/proxmox\"]",
      "instances": [
        {
          "schema_version": 0,
          "attributes": {
            "arch": "amd64",
            "bwlimit": 0,
            "clone": null,
            "clone_storage": null,
            "cmode": "tty",
            "console": true,
            "cores": 4,
            "cpulimit": 0,
            "cpuunits": 1024,
            "description": "",
            "features": [],
            "force": false,
            "full": null,
            "hagroup": "",
            "hastate": "",
            "hookscript": "",
            "hostname": "gitlab",
            "id": "proxmox/lxc/100",
            "ignore_unpack_errors": false,
            "lock": "",
            "memory": 512,
            "mountpoint": [],
            "nameserver": "",
            "network": [
              {
                "bridge": "vmbr0",
                "firewall": false,
                "gw": "192.168.10.1",
                "gw6": "",
                "hwaddr": "B6:E9:3C:65:02:23",
                "ip": "192.168.10.216/24",
                "ip6": "",
                "mtu": 0,
                "name": "eth0",
                "rate": 0,
                "tag": 0,
                "trunks": "",
                "type": "veth"
              }
            ],
            "onboot": true,
            "ostemplate": "local:vztmpl/ubuntu-23.10-standard_23.10-1_amd64.tar.zst",
            "ostype": "ubuntu",
            "password": "workfree",
            "pool": null,
            "protection": false,
            "restore": false,
            "rootfs": [
              {
                "acl": false,
                "quota": false,
                "replicate": false,
                "ro": false,
                "shared": false,
                "size": "8G",
                "storage": "slow",
                "volume": "slow:subvol-100-disk-0"
              }
            ],
            "searchdomain": "",
            "ssh_public_keys": "ssh-rsa AAAAB3NzaC1yc2EAAAADAQABAAABgQDgTBBuJ+2ylDcRPHflGKfDpuoD0q82nrlAcRcdI2wYAnVI+L78TFu2j4KjRZzBHsxQtE+N31sondwfns/73dD71Nn0Jp/PFMdKU0gOsz4c2bt6tCsaRnb5bOu98u7cKO/B4BuOGksAWlDxGr/OgTMus8slho6RBCUkgS+PKCR69jPpA629+y07VW6843TZXVP5Ow6BOYSNUND0RcppX18Wff/56l8KXa93ZOq2AreK9e134sCwt8kOndnLjDR/FrSs9OMPVhoAgyh/gKewcyBDv0jnGcvhmuDDjvTu/OvRr18NHw7tf19JkzEOUbkvD8502Bxn9p1XAKRTeyc15+aqGyLEGkCDOAIVHo5VVgNucnOYvsPOZFtFpx/lBOnROr8HRFTtOyvzhlrW5BY6grg4N7KDdnJ6dIj1X3t4mAKdKwqTBIE0/LNELUzelCrV1yVLbqWSuXm66snjnU/iJf1ZOjOwt5L6p+ZNbPW18ilElMw6NStiAET5rJyYNj4begs= iraqez@iraqez-G3-3500\n",
            "start": true,
            "startup": "",
            "swap": 256,
            "tags": "",
            "target_node": "proxmox",
            "template": false,
            "timeouts": null,
            "tty": 2,
            "unique": false,
            "unprivileged": true,
            "unused": [],
            "vmid": null
          },
          "sensitive_attributes": [
            [
              {
                "type": "get_attr",
                "value": "password"
              }
            ]
          ],
          "private": "eyJlMmJmYjczMC1lY2FhLTExZTYtOGY4OC0zNDM2M2JjN2M0YzAiOnsiY3JlYXRlIjozMDAwMDAwMDAwMDAsImRlZmF1bHQiOjMwMDAwMDAwMDAwMCwiZGVsZXRlIjoxODAwMDAwMDAwMDAsInJlYWQiOjE4MDAwMDAwMDAwMCwidXBkYXRlIjoxODAwMDAwMDAwMDB9fQ=="
        }
      ]
    },
    {
      "mode": "managed",
      "type": "proxmox_lxc",
      "name": "tfAns",
      "provider": "provider[\"registry.terraform.io/telmate/proxmox\"]",
      "instances": [
        {
          "schema_version": 0,
          "attributes": {
            "arch": "amd64",
            "bwlimit": 0,
            "clone": null,
            "clone_storage": null,
            "cmode": "tty",
            "console": true,
            "cores": 2,
            "cpulimit": 0,
            "cpuunits": 1024,
            "description": "",
            "features": [],
            "force": false,
            "full": null,
            "hagroup": "",
            "hastate": "",
            "hookscript": "",
            "hostname": "tfAns",
            "id": "proxmox/lxc/101",
            "ignore_unpack_errors": false,
            "lock": "",
            "memory": 512,
            "mountpoint": [],
            "nameserver": "",
            "network": [
              {
                "bridge": "vmbr0",
                "firewall": false,
                "gw": "192.168.10.1",
                "gw6": "",
                "hwaddr": "5E:A9:B5:10:78:2D",
                "ip": "192.168.10.215/24",
                "ip6": "",
                "mtu": 0,
                "name": "eth0",
                "rate": 0,
                "tag": 0,
                "trunks": "",
                "type": "veth"
              }
            ],
            "onboot": false,
            "ostemplate": "local:vztmpl/ubuntu-23.10-standard_23.10-1_amd64.tar.zst",
            "ostype": "ubuntu",
            "password": "workfree",
            "pool": null,
            "protection": false,
            "restore": false,
            "rootfs": [
              {
                "acl": false,
                "quota": false,
                "replicate": false,
                "ro": false,
                "shared": false,
                "size": "4G",
                "storage": "slow",
                "volume": "slow:subvol-101-disk-0"
              }
            ],
            "searchdomain": "",
            "ssh_public_keys": "ssh-rsa AAAAB3NzaC1yc2EAAAADAQABAAABgQDgTBBuJ+2ylDcRPHflGKfDpuoD0q82nrlAcRcdI2wYAnVI+L78TFu2j4KjRZzBHsxQtE+N31sondwfns/73dD71Nn0Jp/PFMdKU0gOsz4c2bt6tCsaRnb5bOu98u7cKO/B4BuOGksAWlDxGr/OgTMus8slho6RBCUkgS+PKCR69jPpA629+y07VW6843TZXVP5Ow6BOYSNUND0RcppX18Wff/56l8KXa93ZOq2AreK9e134sCwt8kOndnLjDR/FrSs9OMPVhoAgyh/gKewcyBDv0jnGcvhmuDDjvTu/OvRr18NHw7tf19JkzEOUbkvD8502Bxn9p1XAKRTeyc15+aqGyLEGkCDOAIVHo5VVgNucnOYvsPOZFtFpx/lBOnROr8HRFTtOyvzhlrW5BY6grg4N7KDdnJ6dIj1X3t4mAKdKwqTBIE0/LNELUzelCrV1yVLbqWSuXm66snjnU/iJf1ZOjOwt5L6p+ZNbPW18ilElMw6NStiAET5rJyYNj4begs= iraqez@iraqez-G3-3500\n",
            "start": true,
            "startup": "",
            "swap": 256,
            "tags": "",
            "target_node": "proxmox",
            "template": false,
            "timeouts": null,
            "tty": 2,
            "unique": false,
            "unprivileged": true,
            "unused": [],
            "vmid": null
          },
          "sensitive_attributes": [
            [
              {
                "type": "get_attr",
                "value": "password"
              }
            ]
          ],
          "private": "eyJlMmJmYjczMC1lY2FhLTExZTYtOGY4OC0zNDM2M2JjN2M0YzAiOnsiY3JlYXRlIjozMDAwMDAwMDAwMDAsImRlZmF1bHQiOjMwMDAwMDAwMDAwMCwiZGVsZXRlIjoxODAwMDAwMDAwMDAsInJlYWQiOjE4MDAwMDAwMDAwMCwidXBkYXRlIjoxODAwMDAwMDAwMDB9fQ=="
        }
      ]
    }
  ],
  "check_results": null
}
